
Microsoft Visual Studio Solution File, Format Version 12.00
# Visual Studio Version 16
VisualStudioVersion = 16.0.31410.357
MinimumVisualStudioVersion = 10.0.40219.1
Project("{FAE04EC0-301F-11D3-BF4B-00C04F79EFBC}") = "Lesson 4_3", "Lesson 4_3\Lesson 4_3.csproj", "{243D72A2-DDFD-4A8A-867E-EB87E90C3922}"
EndProject
Global
	GlobalSection(SolutionConfigurationPlatforms) = preSolution
		Debug|Any CPU = Debug|Any CPU
		Release|Any CPU = Release|Any CPU
	EndGlobalSection
	GlobalSection(ProjectConfigurationPlatforms) = postSolution
		{243D72A2-DDFD-4A8A-867E-EB87E90C3922}.Debug|Any CPU.ActiveCfg = Debug|Any CPU
		{243D72A2-DDFD-4A8A-867E-EB87E90C3922}.Debug|Any CPU.Build.0 = Debug|Any CPU
		{243D72A2-DDFD-4A8A-867E-EB87E90C3922}.Release|Any CPU.ActiveCfg = Release|Any CPU
		{243D72A2-DDFD-4A8A-867E-EB87E90C3922}.Release|Any CPU.Build.0 = Release|Any CPU
	EndGlobalSection
	GlobalSection(SolutionProperties) = preSolution
		HideSolutionNode = FALSE
	EndGlobalSection
	GlobalSection(ExtensibilityGlobals) = postSolution
		SolutionGuid = {C4EC8D58-32E2-4111-94C0-78D84A518ECD}
	EndGlobalSection
EndGlobal
